
Microsoft Visual Studio Solution File, Format Version 12.00
# Visual Studio Version 16
VisualStudioVersion = 16.0.31410.357
MinimumVisualStudioVersion = 10.0.40219.1
Project("{FAE04EC0-301F-11D3-BF4B-00C04F79EFBC}") = "AntiPlagiarismBypass", "AntiPlagiarismBypass\AntiPlagiarismBypass.csproj", "{9B2848E6-4F48-4CF7-AA03-352596C3B59D}"
EndProject
Global
	GlobalSection(SolutionConfigurationPlatforms) = preSolution
		Debug|Any CPU = Debug|Any CPU
		Release|Any CPU = Release|Any CPU
	EndGlobalSection
	GlobalSection(ProjectConfigurationPlatforms) = postSolution
		{9B2848E6-4F48-4CF7-AA03-352596C3B59D}.Debug|Any CPU.ActiveCfg = Debug|Any CPU
		{9B2848E6-4F48-4CF7-AA03-352596C3B59D}.Debug|Any CPU.Build.0 = Debug|Any CPU
		{9B2848E6-4F48-4CF7-AA03-352596C3B59D}.Release|Any CPU.ActiveCfg = Release|Any CPU
		{9B2848E6-4F48-4CF7-AA03-352596C3B59D}.Release|Any CPU.Build.0 = Release|Any CPU
	EndGlobalSection
	GlobalSection(SolutionProperties) = preSolution
		HideSolutionNode = FALSE
	EndGlobalSection
	GlobalSection(ExtensibilityGlobals) = postSolution
		SolutionGuid = {E239CEAA-4B58-45D0-B78C-9C4864DF7189}
	EndGlobalSection
EndGlobal
